
Microsoft Visual Studio Solution File, Format Version 12.00
# Visual Studio Version 17
VisualStudioVersion = 17.8.34511.84
MinimumVisualStudioVersion = 10.0.40219.1
Project("{FAE04EC0-301F-11D3-BF4B-00C04F79EFBC}") = "proytecto estructura de datos", "proytecto estructura de datos\proytecto estructura de datos.csproj", "{01F708A9-EF1E-4ADA-9020-E07E0FA2903E}"
EndProject
Global
	GlobalSection(SolutionConfigurationPlatforms) = preSolution
		Debug|Any CPU = Debug|Any CPU
		Release|Any CPU = Release|Any CPU
	EndGlobalSection
	GlobalSection(ProjectConfigurationPlatforms) = postSolution
		{01F708A9-EF1E-4ADA-9020-E07E0FA2903E}.Debug|Any CPU.ActiveCfg = Debug|Any CPU
		{01F708A9-EF1E-4ADA-9020-E07E0FA2903E}.Debug|Any CPU.Build.0 = Debug|Any CPU
		{01F708A9-EF1E-4ADA-9020-E07E0FA2903E}.Release|Any CPU.ActiveCfg = Release|Any CPU
		{01F708A9-EF1E-4ADA-9020-E07E0FA2903E}.Release|Any CPU.Build.0 = Release|Any CPU
	EndGlobalSection
	GlobalSection(SolutionProperties) = preSolution
		HideSolutionNode = FALSE
	EndGlobalSection
	GlobalSection(ExtensibilityGlobals) = postSolution
		SolutionGuid = {2E0C82D5-0E6A-4084-BE0F-AE222ED4A668}
	EndGlobalSection
EndGlobal
